
Microsoft Visual Studio Solution File, Format Version 12.00
# Visual Studio Version 17
VisualStudioVersion = 17.3.32811.315
MinimumVisualStudioVersion = 10.0.40219.1
Project("{FAE04EC0-301F-11D3-BF4B-00C04F79EFBC}") = "EventAPI", "EventAPI\EventAPI.csproj", "{99B45B3C-1E45-4DE3-92A8-5F590AF3FDC3}"
EndProject
Project("{FAE04EC0-301F-11D3-BF4B-00C04F79EFBC}") = "EventAPI.Core", "EventAPI.Core\EventAPI.Core.csproj", "{132AE659-8B45-4470-8A3D-50B0FC190E0C}"
EndProject
Project("{FAE04EC0-301F-11D3-BF4B-00C04F79EFBC}") = "EventAPI.Infra.Data", "EventAPI.Infra.Data\EventAPI.Infra.Data.csproj", "{C50EB20A-A0A2-47D1-BE16-12616A938B47}"
EndProject
Global
	GlobalSection(SolutionConfigurationPlatforms) = preSolution
		Debug|Any CPU = Debug|Any CPU
		Release|Any CPU = Release|Any CPU
	EndGlobalSection
	GlobalSection(ProjectConfigurationPlatforms) = postSolution
		{99B45B3C-1E45-4DE3-92A8-5F590AF3FDC3}.Debug|Any CPU.ActiveCfg = Debug|Any CPU
		{99B45B3C-1E45-4DE3-92A8-5F590AF3FDC3}.Debug|Any CPU.Build.0 = Debug|Any CPU
		{99B45B3C-1E45-4DE3-92A8-5F590AF3FDC3}.Release|Any CPU.ActiveCfg = Release|Any CPU
		{99B45B3C-1E45-4DE3-92A8-5F590AF3FDC3}.Release|Any CPU.Build.0 = Release|Any CPU
		{132AE659-8B45-4470-8A3D-50B0FC190E0C}.Debug|Any CPU.ActiveCfg = Debug|Any CPU
		{132AE659-8B45-4470-8A3D-50B0FC190E0C}.Debug|Any CPU.Build.0 = Debug|Any CPU
		{132AE659-8B45-4470-8A3D-50B0FC190E0C}.Release|Any CPU.ActiveCfg = Release|Any CPU
		{132AE659-8B45-4470-8A3D-50B0FC190E0C}.Release|Any CPU.Build.0 = Release|Any CPU
		{C50EB20A-A0A2-47D1-BE16-12616A938B47}.Debug|Any CPU.ActiveCfg = Debug|Any CPU
		{C50EB20A-A0A2-47D1-BE16-12616A938B47}.Debug|Any CPU.Build.0 = Debug|Any CPU
		{C50EB20A-A0A2-47D1-BE16-12616A938B47}.Release|Any CPU.ActiveCfg = Release|Any CPU
		{C50EB20A-A0A2-47D1-BE16-12616A938B47}.Release|Any CPU.Build.0 = Release|Any CPU
	EndGlobalSection
	GlobalSection(SolutionProperties) = preSolution
		HideSolutionNode = FALSE
	EndGlobalSection
	GlobalSection(ExtensibilityGlobals) = postSolution
		SolutionGuid = {4202618F-7F43-47B6-9904-7358B3ADA78C}
	EndGlobalSection
EndGlobal
